
Microsoft Visual Studio Solution File, Format Version 12.00
# Visual Studio Version 17
VisualStudioVersion = 17.4.33103.184
MinimumVisualStudioVersion = 10.0.40219.1
Project("{2150E333-8FDC-42A3-9474-1A3956D46DE8}") = "src", "src", "{269104A4-6DAA-469A-8760-AA0802C90C93}"
EndProject
Project("{2150E333-8FDC-42A3-9474-1A3956D46DE8}") = "tests", "tests", "{E4DFBEAD-D739-4825-9CA8-8766728714F2}"
EndProject
Project("{9A19103F-16F7-4668-BE54-9A1E7A4F7556}") = "UserSearchApp.Api", "src\UserSearchApp.Api\UserSearchApp.Api.csproj", "{9B251B1E-26DA-4511-8A47-ECBFC32E7523}"
EndProject
Project("{9A19103F-16F7-4668-BE54-9A1E7A4F7556}") = "UserSearchApp.Domain", "src\UserSearchApp.Domain\UserSearchApp.Domain.csproj", "{5F067146-1DC1-4823-BB4E-08B87FDBCCEF}"
EndProject
Project("{9A19103F-16F7-4668-BE54-9A1E7A4F7556}") = "UserSearchApp.Services", "src\UserSearchApp.Services\UserSearchApp.Services.csproj", "{5C1FB8EA-A01E-4594-B90E-FB80B16B0EBD}"
EndProject
Project("{9A19103F-16F7-4668-BE54-9A1E7A4F7556}") = "UserSearchApp.Data", "src\UserSearchApp.Data\UserSearchApp.Data.csproj", "{C76EA623-AAB0-428D-84C8-A59A197A2D5A}"
EndProject
Project("{9A19103F-16F7-4668-BE54-9A1E7A4F7556}") = "UnitTests", "UnitTests\UnitTests.csproj", "{554054B1-CCB5-446A-99CF-2783AE4EB707}"
EndProject
Global
	GlobalSection(SolutionConfigurationPlatforms) = preSolution
		Debug|Any CPU = Debug|Any CPU
		Release|Any CPU = Release|Any CPU
	EndGlobalSection
	GlobalSection(ProjectConfigurationPlatforms) = postSolution
		{9B251B1E-26DA-4511-8A47-ECBFC32E7523}.Debug|Any CPU.ActiveCfg = Debug|Any CPU
		{9B251B1E-26DA-4511-8A47-ECBFC32E7523}.Debug|Any CPU.Build.0 = Debug|Any CPU
		{9B251B1E-26DA-4511-8A47-ECBFC32E7523}.Release|Any CPU.ActiveCfg = Release|Any CPU
		{9B251B1E-26DA-4511-8A47-ECBFC32E7523}.Release|Any CPU.Build.0 = Release|Any CPU
		{5F067146-1DC1-4823-BB4E-08B87FDBCCEF}.Debug|Any CPU.ActiveCfg = Debug|Any CPU
		{5F067146-1DC1-4823-BB4E-08B87FDBCCEF}.Debug|Any CPU.Build.0 = Debug|Any CPU
		{5F067146-1DC1-4823-BB4E-08B87FDBCCEF}.Release|Any CPU.ActiveCfg = Release|Any CPU
		{5F067146-1DC1-4823-BB4E-08B87FDBCCEF}.Release|Any CPU.Build.0 = Release|Any CPU
		{5C1FB8EA-A01E-4594-B90E-FB80B16B0EBD}.Debug|Any CPU.ActiveCfg = Debug|Any CPU
		{5C1FB8EA-A01E-4594-B90E-FB80B16B0EBD}.Debug|Any CPU.Build.0 = Debug|Any CPU
		{5C1FB8EA-A01E-4594-B90E-FB80B16B0EBD}.Release|Any CPU.ActiveCfg = Release|Any CPU
		{5C1FB8EA-A01E-4594-B90E-FB80B16B0EBD}.Release|Any CPU.Build.0 = Release|Any CPU
		{C76EA623-AAB0-428D-84C8-A59A197A2D5A}.Debug|Any CPU.ActiveCfg = Debug|Any CPU
		{C76EA623-AAB0-428D-84C8-A59A197A2D5A}.Debug|Any CPU.Build.0 = Debug|Any CPU
		{C76EA623-AAB0-428D-84C8-A59A197A2D5A}.Release|Any CPU.ActiveCfg = Release|Any CPU
		{C76EA623-AAB0-428D-84C8-A59A197A2D5A}.Release|Any CPU.Build.0 = Release|Any CPU
		{554054B1-CCB5-446A-99CF-2783AE4EB707}.Debug|Any CPU.ActiveCfg = Debug|Any CPU
		{554054B1-CCB5-446A-99CF-2783AE4EB707}.Debug|Any CPU.Build.0 = Debug|Any CPU
		{554054B1-CCB5-446A-99CF-2783AE4EB707}.Release|Any CPU.ActiveCfg = Release|Any CPU
		{554054B1-CCB5-446A-99CF-2783AE4EB707}.Release|Any CPU.Build.0 = Release|Any CPU
	EndGlobalSection
	GlobalSection(SolutionProperties) = preSolution
		HideSolutionNode = FALSE
	EndGlobalSection
	GlobalSection(NestedProjects) = preSolution
		{9B251B1E-26DA-4511-8A47-ECBFC32E7523} = {269104A4-6DAA-469A-8760-AA0802C90C93}
		{5F067146-1DC1-4823-BB4E-08B87FDBCCEF} = {269104A4-6DAA-469A-8760-AA0802C90C93}
		{5C1FB8EA-A01E-4594-B90E-FB80B16B0EBD} = {269104A4-6DAA-469A-8760-AA0802C90C93}
		{C76EA623-AAB0-428D-84C8-A59A197A2D5A} = {269104A4-6DAA-469A-8760-AA0802C90C93}
		{554054B1-CCB5-446A-99CF-2783AE4EB707} = {E4DFBEAD-D739-4825-9CA8-8766728714F2}
	EndGlobalSection
	GlobalSection(ExtensibilityGlobals) = postSolution
		SolutionGuid = {69B039B0-0E68-46A9-9AE9-F726311369F8}
	EndGlobalSection
EndGlobal
